
Microsoft Visual Studio Solution File, Format Version 12.00
# Visual Studio Version 17
VisualStudioVersion = 17.8.34112.27
MinimumVisualStudioVersion = 10.0.40219.1
Project("{FAE04EC0-301F-11D3-BF4B-00C04F79EFBC}") = "Ejercicio1", "Ejercicio1\Ejercicio1.csproj", "{D528FF8A-61CC-4A35-85A9-435FCDC85F92}"
EndProject
Global
	GlobalSection(SolutionConfigurationPlatforms) = preSolution
		Debug|Any CPU = Debug|Any CPU
		Release|Any CPU = Release|Any CPU
	EndGlobalSection
	GlobalSection(ProjectConfigurationPlatforms) = postSolution
		{D528FF8A-61CC-4A35-85A9-435FCDC85F92}.Debug|Any CPU.ActiveCfg = Debug|Any CPU
		{D528FF8A-61CC-4A35-85A9-435FCDC85F92}.Debug|Any CPU.Build.0 = Debug|Any CPU
		{D528FF8A-61CC-4A35-85A9-435FCDC85F92}.Release|Any CPU.ActiveCfg = Release|Any CPU
		{D528FF8A-61CC-4A35-85A9-435FCDC85F92}.Release|Any CPU.Build.0 = Release|Any CPU
	EndGlobalSection
	GlobalSection(SolutionProperties) = preSolution
		HideSolutionNode = FALSE
	EndGlobalSection
	GlobalSection(ExtensibilityGlobals) = postSolution
		SolutionGuid = {DCC1A20F-5ED2-4A07-A00E-2C9556D07024}
	EndGlobalSection
EndGlobal
